<Solution>
  <Project Path="CodeStage.AFPSCounter.Runtime.csproj" />
  <Project Path="Boxophobic.Utils.Editor.csproj" />
  <Project Path="BezierSolution.Runtime.csproj" />
  <Project Path="Assembly-CSharp.csproj" />
  <Project Path="Google.Play.Common.csproj" />
  <Project Path="Assembly-CSharp-Editor.csproj" />
  <Project Path="CodeStage.AFPSCounter.Editor.csproj" />
  <Project Path="models.vo.csproj" />
  <Project Path="Assembly-CSharp-firstpass.csproj" />
  <Project Path="GoogleMobileAds.Editor.csproj" />
  <Project Path="Boxophobic.Utils.Scripts.csproj" />
  <Project Path="Google.Play.Core.csproj" />
  <Project Path="Google.Play.Review.csproj" />
  <Project Path="BezierSolution.Editor.csproj" />
  <Project Path="CodeStage.AFPSCounter.Examples.csproj" />
  <Project Path="Boxophobic.PolyverseSkies.Runtime.csproj" />
  <Project Path="Boxophobic.PolyverseSkies.Editor.csproj" />
  <Project Path="Boxophobic.PolyverseSkies.Scripts.csproj" />
</Solution>
