<Solution>
  <Project Path="Assembly-CSharp.csproj" />
  <Project Path="Assembly-CSharp-Editor.csproj" />
  <Project Path="models.vo.csproj" />
  <Project Path="Assembly-CSharp-firstpass.csproj" />
  <Project Path="GoogleMobileAds.Editor.csproj" />
  <Project Path="scripts.utils.csproj" />
</Solution>
